{
  "name": "business-logic",
  "version": "1.0.0",
  "lockfileVersion": 1,
  "requires": true,
  "dependencies": {
    "dependencieslayer": {
      "version": "file:../dependencieslayer",
      "requires": {
        "moment": "^2.24.0"
      },
      "dependencies": {
        "moment": {
          "version": "2.24.0",
          "bundled": true
        }
      }
    }
  }
}
